
Microsoft Visual Studio Solution File, Format Version 12.00
# Visual Studio Version 17
VisualStudioVersion = 17.0.31903.59
MinimumVisualStudioVersion = 10.0.40219.1
Project("{FAE04EC0-301F-11D3-BF4B-00C04F79EFBC}") = "RoboChartInterpreter", "RoboChartInterpreter\RoboChartInterpreter.csproj", "{CDF617E1-B753-4E5B-8B4E-ABD2B61B1D96}"
EndProject
Project("{FAE04EC0-301F-11D3-BF4B-00C04F79EFBC}") = "RoboChartInterpreter.Tests", "RoboChartInterpreter.Tests\RoboChartInterpreter.Tests.csproj", "{261D5F1F-048F-4F2A-94C8-860F766D6F73}"
EndProject
Project("{FAE04EC0-301F-11D3-BF4B-00C04F79EFBC}") = "RoboChartInterpreter.AvaloniaGUI", "RoboChartInterpreter.AvaloniaGUI\RoboChartInterpreter.AvaloniaGUI.csproj", "{3E5ADDC0-B2DC-4AD1-8BC2-9C5F677142B8}"
EndProject
Project("{FAE04EC0-301F-11D3-BF4B-00C04F79EFBC}") = "RoboChartInterpreter.GUI", "RoboChartInterpreter.GUI\RoboChartInterpreter.GUI.csproj", "{EB0A96CD-4638-4C69-854E-01DD19398ED5}"
EndProject
Global
	GlobalSection(SolutionConfigurationPlatforms) = preSolution
		Debug|Any CPU = Debug|Any CPU
		Debug|x64 = Debug|x64
		Debug|x86 = Debug|x86
		Release|Any CPU = Release|Any CPU
		Release|x64 = Release|x64
		Release|x86 = Release|x86
	EndGlobalSection
	GlobalSection(ProjectConfigurationPlatforms) = postSolution
		{CDF617E1-B753-4E5B-8B4E-ABD2B61B1D96}.Debug|Any CPU.ActiveCfg = Debug|Any CPU
		{CDF617E1-B753-4E5B-8B4E-ABD2B61B1D96}.Debug|Any CPU.Build.0 = Debug|Any CPU
		{CDF617E1-B753-4E5B-8B4E-ABD2B61B1D96}.Debug|x64.ActiveCfg = Debug|Any CPU
		{CDF617E1-B753-4E5B-8B4E-ABD2B61B1D96}.Debug|x64.Build.0 = Debug|Any CPU
		{CDF617E1-B753-4E5B-8B4E-ABD2B61B1D96}.Debug|x86.ActiveCfg = Debug|Any CPU
		{CDF617E1-B753-4E5B-8B4E-ABD2B61B1D96}.Debug|x86.Build.0 = Debug|Any CPU
		{CDF617E1-B753-4E5B-8B4E-ABD2B61B1D96}.Release|Any CPU.ActiveCfg = Release|Any CPU
		{CDF617E1-B753-4E5B-8B4E-ABD2B61B1D96}.Release|Any CPU.Build.0 = Release|Any CPU
		{CDF617E1-B753-4E5B-8B4E-ABD2B61B1D96}.Release|x64.ActiveCfg = Release|Any CPU
		{CDF617E1-B753-4E5B-8B4E-ABD2B61B1D96}.Release|x64.Build.0 = Release|Any CPU
		{CDF617E1-B753-4E5B-8B4E-ABD2B61B1D96}.Release|x86.ActiveCfg = Release|Any CPU
		{CDF617E1-B753-4E5B-8B4E-ABD2B61B1D96}.Release|x86.Build.0 = Release|Any CPU
		{261D5F1F-048F-4F2A-94C8-860F766D6F73}.Debug|Any CPU.ActiveCfg = Debug|Any CPU
		{261D5F1F-048F-4F2A-94C8-860F766D6F73}.Debug|Any CPU.Build.0 = Debug|Any CPU
		{261D5F1F-048F-4F2A-94C8-860F766D6F73}.Debug|x64.ActiveCfg = Debug|Any CPU
		{261D5F1F-048F-4F2A-94C8-860F766D6F73}.Debug|x64.Build.0 = Debug|Any CPU
		{261D5F1F-048F-4F2A-94C8-860F766D6F73}.Debug|x86.ActiveCfg = Debug|Any CPU
		{261D5F1F-048F-4F2A-94C8-860F766D6F73}.Debug|x86.Build.0 = Debug|Any CPU
		{261D5F1F-048F-4F2A-94C8-860F766D6F73}.Release|Any CPU.ActiveCfg = Release|Any CPU
		{261D5F1F-048F-4F2A-94C8-860F766D6F73}.Release|Any CPU.Build.0 = Release|Any CPU
		{261D5F1F-048F-4F2A-94C8-860F766D6F73}.Release|x64.ActiveCfg = Release|Any CPU
		{261D5F1F-048F-4F2A-94C8-860F766D6F73}.Release|x64.Build.0 = Release|Any CPU
		{261D5F1F-048F-4F2A-94C8-860F766D6F73}.Release|x86.ActiveCfg = Release|Any CPU
		{261D5F1F-048F-4F2A-94C8-860F766D6F73}.Release|x86.Build.0 = Release|Any CPU
		{3E5ADDC0-B2DC-4AD1-8BC2-9C5F677142B8}.Debug|Any CPU.ActiveCfg = Debug|Any CPU
		{3E5ADDC0-B2DC-4AD1-8BC2-9C5F677142B8}.Debug|Any CPU.Build.0 = Debug|Any CPU
		{3E5ADDC0-B2DC-4AD1-8BC2-9C5F677142B8}.Debug|x64.ActiveCfg = Debug|Any CPU
		{3E5ADDC0-B2DC-4AD1-8BC2-9C5F677142B8}.Debug|x64.Build.0 = Debug|Any CPU
		{3E5ADDC0-B2DC-4AD1-8BC2-9C5F677142B8}.Debug|x86.ActiveCfg = Debug|Any CPU
		{3E5ADDC0-B2DC-4AD1-8BC2-9C5F677142B8}.Debug|x86.Build.0 = Debug|Any CPU
		{3E5ADDC0-B2DC-4AD1-8BC2-9C5F677142B8}.Release|Any CPU.ActiveCfg = Release|Any CPU
		{3E5ADDC0-B2DC-4AD1-8BC2-9C5F677142B8}.Release|Any CPU.Build.0 = Release|Any CPU
		{3E5ADDC0-B2DC-4AD1-8BC2-9C5F677142B8}.Release|x64.ActiveCfg = Release|Any CPU
		{3E5ADDC0-B2DC-4AD1-8BC2-9C5F677142B8}.Release|x64.Build.0 = Release|Any CPU
		{3E5ADDC0-B2DC-4AD1-8BC2-9C5F677142B8}.Release|x86.ActiveCfg = Release|Any CPU
		{3E5ADDC0-B2DC-4AD1-8BC2-9C5F677142B8}.Release|x86.Build.0 = Release|Any CPU
		{EB0A96CD-4638-4C69-854E-01DD19398ED5}.Debug|Any CPU.ActiveCfg = Debug|Any CPU
		{EB0A96CD-4638-4C69-854E-01DD19398ED5}.Debug|Any CPU.Build.0 = Debug|Any CPU
		{EB0A96CD-4638-4C69-854E-01DD19398ED5}.Debug|x64.ActiveCfg = Debug|Any CPU
		{EB0A96CD-4638-4C69-854E-01DD19398ED5}.Debug|x64.Build.0 = Debug|Any CPU
		{EB0A96CD-4638-4C69-854E-01DD19398ED5}.Debug|x86.ActiveCfg = Debug|Any CPU
		{EB0A96CD-4638-4C69-854E-01DD19398ED5}.Debug|x86.Build.0 = Debug|Any CPU
		{EB0A96CD-4638-4C69-854E-01DD19398ED5}.Release|Any CPU.ActiveCfg = Release|Any CPU
		{EB0A96CD-4638-4C69-854E-01DD19398ED5}.Release|Any CPU.Build.0 = Release|Any CPU
		{EB0A96CD-4638-4C69-854E-01DD19398ED5}.Release|x64.ActiveCfg = Release|Any CPU
		{EB0A96CD-4638-4C69-854E-01DD19398ED5}.Release|x64.Build.0 = Release|Any CPU
		{EB0A96CD-4638-4C69-854E-01DD19398ED5}.Release|x86.ActiveCfg = Release|Any CPU
		{EB0A96CD-4638-4C69-854E-01DD19398ED5}.Release|x86.Build.0 = Release|Any CPU
	EndGlobalSection
	GlobalSection(SolutionProperties) = preSolution
		HideSolutionNode = FALSE
	EndGlobalSection
EndGlobal
